
Microsoft Visual Studio Solution File, Format Version 12.00
# Visual Studio 2012
Project("{FAE04EC0-301F-11D3-BF4B-00C04F79EFBC}") = "Alg S4 L5", "Alg S4 L5\Alg S4 L5.csproj", "{66AA698C-0B46-4EF5-B708-6310C3885177}"
EndProject
Global
	GlobalSection(SolutionConfigurationPlatforms) = preSolution
		Debug|Any CPU = Debug|Any CPU
		Release|Any CPU = Release|Any CPU
	EndGlobalSection
	GlobalSection(ProjectConfigurationPlatforms) = postSolution
		{66AA698C-0B46-4EF5-B708-6310C3885177}.Debug|Any CPU.ActiveCfg = Debug|Any CPU
		{66AA698C-0B46-4EF5-B708-6310C3885177}.Debug|Any CPU.Build.0 = Debug|Any CPU
		{66AA698C-0B46-4EF5-B708-6310C3885177}.Release|Any CPU.ActiveCfg = Release|Any CPU
		{66AA698C-0B46-4EF5-B708-6310C3885177}.Release|Any CPU.Build.0 = Release|Any CPU
	EndGlobalSection
	GlobalSection(SolutionProperties) = preSolution
		HideSolutionNode = FALSE
	EndGlobalSection
EndGlobal
