
Microsoft Visual Studio Solution File, Format Version 12.00
# Visual Studio 2012
Project("{FAE04EC0-301F-11D3-BF4B-00C04F79EFBC}") = "Alg S4 L10", "Alg S4 L10\Alg S4 L10.csproj", "{AEEBC741-D2F6-4CDC-B9FA-D8F32EA100DC}"
EndProject
Global
	GlobalSection(SolutionConfigurationPlatforms) = preSolution
		Debug|Any CPU = Debug|Any CPU
		Release|Any CPU = Release|Any CPU
	EndGlobalSection
	GlobalSection(ProjectConfigurationPlatforms) = postSolution
		{AEEBC741-D2F6-4CDC-B9FA-D8F32EA100DC}.Debug|Any CPU.ActiveCfg = Debug|Any CPU
		{AEEBC741-D2F6-4CDC-B9FA-D8F32EA100DC}.Debug|Any CPU.Build.0 = Debug|Any CPU
		{AEEBC741-D2F6-4CDC-B9FA-D8F32EA100DC}.Release|Any CPU.ActiveCfg = Release|Any CPU
		{AEEBC741-D2F6-4CDC-B9FA-D8F32EA100DC}.Release|Any CPU.Build.0 = Release|Any CPU
	EndGlobalSection
	GlobalSection(SolutionProperties) = preSolution
		HideSolutionNode = FALSE
	EndGlobalSection
EndGlobal
