
Microsoft Visual Studio Solution File, Format Version 12.00
# Visual Studio 2012
Project("{FAE04EC0-301F-11D3-BF4B-00C04F79EFBC}") = "PointsGenerator", "PointsGenerator\PointsGenerator.csproj", "{10E6AA73-F5CB-45D0-A9A4-FA50310A88EF}"
EndProject
Global
	GlobalSection(SolutionConfigurationPlatforms) = preSolution
		Debug|Any CPU = Debug|Any CPU
		Release|Any CPU = Release|Any CPU
	EndGlobalSection
	GlobalSection(ProjectConfigurationPlatforms) = postSolution
		{10E6AA73-F5CB-45D0-A9A4-FA50310A88EF}.Debug|Any CPU.ActiveCfg = Debug|Any CPU
		{10E6AA73-F5CB-45D0-A9A4-FA50310A88EF}.Debug|Any CPU.Build.0 = Debug|Any CPU
		{10E6AA73-F5CB-45D0-A9A4-FA50310A88EF}.Release|Any CPU.ActiveCfg = Release|Any CPU
		{10E6AA73-F5CB-45D0-A9A4-FA50310A88EF}.Release|Any CPU.Build.0 = Release|Any CPU
	EndGlobalSection
	GlobalSection(SolutionProperties) = preSolution
		HideSolutionNode = FALSE
	EndGlobalSection
EndGlobal
